// !$*UTF8*$!
{
	archiveVersion = 1;
	classes = {
	};
	objectVersion = 46;
	objects = {

/* Begin PBXBuildFile section */
		0C49EDFA410C33B4D46B4503 /* libPods.a in Frameworks */ = {isa = PBXBuildFile; fileRef = ED381152604AA382AC6BEF3A /* libPods.a */; };
		400AE6691A4B1335005AAC41 /* PROInputAccessoryView.xib in Resources */ = {isa = PBXBuildFile; fileRef = 400AE6681A4B1335005AAC41 /* PROInputAccessoryView.xib */; };
		401A71781A3B9D0B0083DFE8 /* PRODataManager.swift in Sources */ = {isa = PBXBuildFile; fileRef = 401A71771A3B9D0B0083DFE8 /* PRODataManager.swift */; };
		401A717A1A3BACB20083DFE8 /* PROMorsel.swift in Sources */ = {isa = PBXBuildFile; fileRef = 401A71791A3BACB20083DFE8 /* PROMorsel.swift */; };
		401A717C1A3BACDC0083DFE8 /* PROItem.swift in Sources */ = {isa = PBXBuildFile; fileRef = 401A717B1A3BACDC0083DFE8 /* PROItem.swift */; };
		402D5B991A5AFFD20032BEF7 /* PROLoginViewController.swift in Sources */ = {isa = PBXBuildFile; fileRef = 402D5B981A5AFFD20032BEF7 /* PROLoginViewController.swift */; };
		4046575B1A577B810000C334 /* PROProfileViewController.swift in Sources */ = {isa = PBXBuildFile; fileRef = 4046575A1A577B810000C334 /* PROProfileViewController.swift */; };
		404F74DC1A4239AC00352ADE /* PROInputAccessoryView.swift in Sources */ = {isa = PBXBuildFile; fileRef = 404F74DB1A4239AC00352ADE /* PROInputAccessoryView.swift */; };
		404F74E01A4257CF00352ADE /* TODO.md in Sources */ = {isa = PBXBuildFile; fileRef = 404F74DF1A4257CF00352ADE /* TODO.md */; };
		40721F681A61A9DB0081DA43 /* FXBlurView.m in Sources */ = {isa = PBXBuildFile; fileRef = 40721F671A61A9DB0081DA43 /* FXBlurView.m */; };
		4074ED961A3A5092008758C7 /* PROTabBarController.swift in Sources */ = {isa = PBXBuildFile; fileRef = 4074ED951A3A5092008758C7 /* PROTabBarController.swift */; };
		4074ED981A3A587F008758C7 /* PROMorselsTableViewController.swift in Sources */ = {isa = PBXBuildFile; fileRef = 4074ED971A3A587F008758C7 /* PROMorselsTableViewController.swift */; };
		408D3A021A3F9FC20014BB0C /* PROTableViewCell.swift in Sources */ = {isa = PBXBuildFile; fileRef = 408D3A011A3F9FC20014BB0C /* PROTableViewCell.swift */; };
		40977C881A44AEFB0019A511 /* PROManageMorselViewController.swift in Sources */ = {isa = PBXBuildFile; fileRef = 40977C871A44AEFB0019A511 /* PROManageMorselViewController.swift */; };
		40C4536E1A536784005B14C8 /* PROUser.swift in Sources */ = {isa = PBXBuildFile; fileRef = 40C4536D1A536784005B14C8 /* PROUser.swift */; };
		40D0D2DB1A3A1B6F00A6BB02 /* AppDelegate.swift in Sources */ = {isa = PBXBuildFile; fileRef = 40D0D2DA1A3A1B6F00A6BB02 /* AppDelegate.swift */; };
		40D0D2E01A3A1B6F00A6BB02 /* Main.storyboard in Resources */ = {isa = PBXBuildFile; fileRef = 40D0D2DE1A3A1B6F00A6BB02 /* Main.storyboard */; };
		40D0D2E21A3A1B6F00A6BB02 /* Images.xcassets in Resources */ = {isa = PBXBuildFile; fileRef = 40D0D2E11A3A1B6F00A6BB02 /* Images.xcassets */; };
		40D0D2E51A3A1B6F00A6BB02 /* LaunchScreen.xib in Resources */ = {isa = PBXBuildFile; fileRef = 40D0D2E31A3A1B6F00A6BB02 /* LaunchScreen.xib */; };
		40E189611A5B0DBB00BAC37E /* Alamofire.swift in Sources */ = {isa = PBXBuildFile; fileRef = 40E189601A5B0DBB00BAC37E /* Alamofire.swift */; };
/* End PBXBuildFile section */

/* Begin PBXFileReference section */
		400AE6681A4B1335005AAC41 /* PROInputAccessoryView.xib */ = {isa = PBXFileReference; fileEncoding = 4; lastKnownFileType = file.xib; path = PROInputAccessoryView.xib; sourceTree = "<group>"; };
		401A71761A3B55720083DFE8 /* MorselAddPrototype-Bridging-Header.h */ = {isa = PBXFileReference; lastKnownFileType = sourcecode.c.h; path = "MorselAddPrototype-Bridging-Header.h"; sourceTree = "<group>"; };
		401A71771A3B9D0B0083DFE8 /* PRODataManager.swift */ = {isa = PBXFileReference; fileEncoding = 4; lastKnownFileType = sourcecode.swift; path = PRODataManager.swift; sourceTree = "<group>"; };
		401A71791A3BACB20083DFE8 /* PROMorsel.swift */ = {isa = PBXFileReference; fileEncoding = 4; lastKnownFileType = sourcecode.swift; path = PROMorsel.swift; sourceTree = "<group>"; };
		401A717B1A3BACDC0083DFE8 /* PROItem.swift */ = {isa = PBXFileReference; fileEncoding = 4; lastKnownFileType = sourcecode.swift; path = PROItem.swift; sourceTree = "<group>"; };
		402D5B981A5AFFD20032BEF7 /* PROLoginViewController.swift */ = {isa = PBXFileReference; fileEncoding = 4; lastKnownFileType = sourcecode.swift; path = PROLoginViewController.swift; sourceTree = "<group>"; };
		4046575A1A577B810000C334 /* PROProfileViewController.swift */ = {isa = PBXFileReference; fileEncoding = 4; lastKnownFileType = sourcecode.swift; path = PROProfileViewController.swift; sourceTree = "<group>"; };
		404F74DB1A4239AC00352ADE /* PROInputAccessoryView.swift */ = {isa = PBXFileReference; fileEncoding = 4; lastKnownFileType = sourcecode.swift; path = PROInputAccessoryView.swift; sourceTree = "<group>"; };
		404F74DF1A4257CF00352ADE /* TODO.md */ = {isa = PBXFileReference; fileEncoding = 4; lastKnownFileType = net.daringfireball.markdown; path = TODO.md; sourceTree = "<group>"; };
		40721F661A61A9DB0081DA43 /* FXBlurView.h */ = {isa = PBXFileReference; fileEncoding = 4; lastKnownFileType = sourcecode.c.h; path = FXBlurView.h; sourceTree = "<group>"; };
		40721F671A61A9DB0081DA43 /* FXBlurView.m */ = {isa = PBXFileReference; fileEncoding = 4; lastKnownFileType = sourcecode.c.objc; path = FXBlurView.m; sourceTree = "<group>"; };
		4074ED951A3A5092008758C7 /* PROTabBarController.swift */ = {isa = PBXFileReference; fileEncoding = 4; lastKnownFileType = sourcecode.swift; path = PROTabBarController.swift; sourceTree = "<group>"; };
		4074ED971A3A587F008758C7 /* PROMorselsTableViewController.swift */ = {isa = PBXFileReference; fileEncoding = 4; lastKnownFileType = sourcecode.swift; path = PROMorselsTableViewController.swift; sourceTree = "<group>"; };
		408D3A011A3F9FC20014BB0C /* PROTableViewCell.swift */ = {isa = PBXFileReference; fileEncoding = 4; lastKnownFileType = sourcecode.swift; path = PROTableViewCell.swift; sourceTree = "<group>"; };
		40977C871A44AEFB0019A511 /* PROManageMorselViewController.swift */ = {isa = PBXFileReference; fileEncoding = 4; lastKnownFileType = sourcecode.swift; path = PROManageMorselViewController.swift; sourceTree = "<group>"; };
		40C4536D1A536784005B14C8 /* PROUser.swift */ = {isa = PBXFileReference; fileEncoding = 4; lastKnownFileType = sourcecode.swift; path = PROUser.swift; sourceTree = "<group>"; };
		40D0D2D51A3A1B6F00A6BB02 /* Morsel Proto.app */ = {isa = PBXFileReference; explicitFileType = wrapper.application; includeInIndex = 0; path = "Morsel Proto.app"; sourceTree = BUILT_PRODUCTS_DIR; };
		40D0D2D91A3A1B6F00A6BB02 /* Info.plist */ = {isa = PBXFileReference; lastKnownFileType = text.plist.xml; path = Info.plist; sourceTree = "<group>"; };
		40D0D2DA1A3A1B6F00A6BB02 /* AppDelegate.swift */ = {isa = PBXFileReference; lastKnownFileType = sourcecode.swift; path = AppDelegate.swift; sourceTree = "<group>"; };
		40D0D2DF1A3A1B6F00A6BB02 /* Base */ = {isa = PBXFileReference; lastKnownFileType = file.storyboard; name = Base; path = Base.lproj/Main.storyboard; sourceTree = "<group>"; };
		40D0D2E11A3A1B6F00A6BB02 /* Images.xcassets */ = {isa = PBXFileReference; lastKnownFileType = folder.assetcatalog; path = Images.xcassets; sourceTree = "<group>"; };
		40D0D2E41A3A1B6F00A6BB02 /* Base */ = {isa = PBXFileReference; lastKnownFileType = file.xib; name = Base; path = Base.lproj/LaunchScreen.xib; sourceTree = "<group>"; };
		40E189601A5B0DBB00BAC37E /* Alamofire.swift */ = {isa = PBXFileReference; fileEncoding = 4; lastKnownFileType = sourcecode.swift; path = Alamofire.swift; sourceTree = "<group>"; };
		ED381152604AA382AC6BEF3A /* libPods.a */ = {isa = PBXFileReference; explicitFileType = archive.ar; includeInIndex = 0; path = libPods.a; sourceTree = BUILT_PRODUCTS_DIR; };
		F7EEF0047FE533850A327FFC /* Pods.release.xcconfig */ = {isa = PBXFileReference; includeInIndex = 1; lastKnownFileType = text.xcconfig; name = Pods.release.xcconfig; path = "Pods/Target Support Files/Pods/Pods.release.xcconfig"; sourceTree = "<group>"; };
		FFA24B85084D192D24931298 /* Pods.debug.xcconfig */ = {isa = PBXFileReference; includeInIndex = 1; lastKnownFileType = text.xcconfig; name = Pods.debug.xcconfig; path = "Pods/Target Support Files/Pods/Pods.debug.xcconfig"; sourceTree = "<group>"; };
/* End PBXFileReference section */

/* Begin PBXFrameworksBuildPhase section */
		40D0D2D21A3A1B6F00A6BB02 /* Frameworks */ = {
			isa = PBXFrameworksBuildPhase;
			buildActionMask = 2147483647;
			files = (
				0C49EDFA410C33B4D46B4503 /* libPods.a in Frameworks */,
			);
			runOnlyForDeploymentPostprocessing = 0;
		};
/* End PBXFrameworksBuildPhase section */

/* Begin PBXGroup section */
		402370FA1A4A00F70017E44A /* Cells */ = {
			isa = PBXGroup;
			children = (
				408D3A011A3F9FC20014BB0C /* PROTableViewCell.swift */,
			);
			name = Cells;
			sourceTree = "<group>";
		};
		402370FB1A4A01010017E44A /* Data */ = {
			isa = PBXGroup;
			children = (
				401A71771A3B9D0B0083DFE8 /* PRODataManager.swift */,
				401A717B1A3BACDC0083DFE8 /* PROItem.swift */,
				401A71791A3BACB20083DFE8 /* PROMorsel.swift */,
				40C4536D1A536784005B14C8 /* PROUser.swift */,
			);
			name = Data;
			sourceTree = "<group>";
		};
		402370FC1A4A01140017E44A /* ViewControllers */ = {
			isa = PBXGroup;
			children = (
				40977C871A44AEFB0019A511 /* PROManageMorselViewController.swift */,
				4074ED971A3A587F008758C7 /* PROMorselsTableViewController.swift */,
				4046575A1A577B810000C334 /* PROProfileViewController.swift */,
				402D5B981A5AFFD20032BEF7 /* PROLoginViewController.swift */,
			);
			name = ViewControllers;
			sourceTree = "<group>";
		};
		402370FD1A4A01200017E44A /* Views */ = {
			isa = PBXGroup;
			children = (
				402370FA1A4A00F70017E44A /* Cells */,
				404F74DB1A4239AC00352ADE /* PROInputAccessoryView.swift */,
			);
			name = Views;
			sourceTree = "<group>";
		};
		402370FE1A4A013E0017E44A /* UI */ = {
			isa = PBXGroup;
			children = (
				40D0D2DE1A3A1B6F00A6BB02 /* Main.storyboard */,
				40D0D2E11A3A1B6F00A6BB02 /* Images.xcassets */,
				40D0D2E31A3A1B6F00A6BB02 /* LaunchScreen.xib */,
				400AE6681A4B1335005AAC41 /* PROInputAccessoryView.xib */,
			);
			name = UI;
			sourceTree = "<group>";
		};
		40721F651A61A9DB0081DA43 /* FXBlurView */ = {
			isa = PBXGroup;
			children = (
				40721F661A61A9DB0081DA43 /* FXBlurView.h */,
				40721F671A61A9DB0081DA43 /* FXBlurView.m */,
			);
			path = FXBlurView;
			sourceTree = "<group>";
		};
		40D0D2CC1A3A1B6F00A6BB02 = {
			isa = PBXGroup;
			children = (
				40721F651A61A9DB0081DA43 /* FXBlurView */,
				40D0D2D71A3A1B6F00A6BB02 /* MorselAddPrototype */,
				40D0D2D61A3A1B6F00A6BB02 /* Products */,
				971348646E8DA7A465C5B736 /* Pods */,
				82D97B2A9D66BF007483E86B /* Frameworks */,
			);
			sourceTree = "<group>";
		};
		40D0D2D61A3A1B6F00A6BB02 /* Products */ = {
			isa = PBXGroup;
			children = (
				40D0D2D51A3A1B6F00A6BB02 /* Morsel Proto.app */,
			);
			name = Products;
			sourceTree = "<group>";
		};
		40D0D2D71A3A1B6F00A6BB02 /* MorselAddPrototype */ = {
			isa = PBXGroup;
			children = (
				402370FB1A4A01010017E44A /* Data */,
				402370FC1A4A01140017E44A /* ViewControllers */,
				402370FD1A4A01200017E44A /* Views */,
				402370FE1A4A013E0017E44A /* UI */,
				40D0D2D81A3A1B6F00A6BB02 /* Supporting Files */,
				40E189601A5B0DBB00BAC37E /* Alamofire.swift */,
				40D0D2DA1A3A1B6F00A6BB02 /* AppDelegate.swift */,
				4074ED951A3A5092008758C7 /* PROTabBarController.swift */,
				404F74DF1A4257CF00352ADE /* TODO.md */,
			);
			path = MorselAddPrototype;
			sourceTree = "<group>";
		};
		40D0D2D81A3A1B6F00A6BB02 /* Supporting Files */ = {
			isa = PBXGroup;
			children = (
				40D0D2D91A3A1B6F00A6BB02 /* Info.plist */,
				401A71761A3B55720083DFE8 /* MorselAddPrototype-Bridging-Header.h */,
			);
			name = "Supporting Files";
			sourceTree = "<group>";
		};
		82D97B2A9D66BF007483E86B /* Frameworks */ = {
			isa = PBXGroup;
			children = (
				ED381152604AA382AC6BEF3A /* libPods.a */,
			);
			name = Frameworks;
			sourceTree = "<group>";
		};
		971348646E8DA7A465C5B736 /* Pods */ = {
			isa = PBXGroup;
			children = (
				FFA24B85084D192D24931298 /* Pods.debug.xcconfig */,
				F7EEF0047FE533850A327FFC /* Pods.release.xcconfig */,
			);
			name = Pods;
			sourceTree = "<group>";
		};
/* End PBXGroup section */

/* Begin PBXNativeTarget section */
		40D0D2D41A3A1B6F00A6BB02 /* MorselAddPrototype */ = {
			isa = PBXNativeTarget;
			buildConfigurationList = 40D0D2F41A3A1B6F00A6BB02 /* Build configuration list for PBXNativeTarget "MorselAddPrototype" */;
			buildPhases = (
				40AAA2691A6981D000398FC8 /* Update Build Version */,
				51982C687BEB163DC1393D40 /* Check Pods Manifest.lock */,
				40D0D2D11A3A1B6F00A6BB02 /* Sources */,
				40D0D2D21A3A1B6F00A6BB02 /* Frameworks */,
				40D0D2D31A3A1B6F00A6BB02 /* Resources */,
				E12664DDEE62046A5FA3232A /* Copy Pods Resources */,
				40AAA2681A6981CB00398FC8 /* Rollbar dSYM Upload */,
			);
			buildRules = (
			);
			dependencies = (
			);
			name = MorselAddPrototype;
			productName = MorselAddPrototype;
			productReference = 40D0D2D51A3A1B6F00A6BB02 /* Morsel Proto.app */;
			productType = "com.apple.product-type.application";
		};
/* End PBXNativeTarget section */

/* Begin PBXProject section */
		40D0D2CD1A3A1B6F00A6BB02 /* Project object */ = {
			isa = PBXProject;
			attributes = {
				LastUpgradeCheck = 0610;
				ORGANIZATIONNAME = Morsel;
				TargetAttributes = {
					40D0D2D41A3A1B6F00A6BB02 = {
						CreatedOnToolsVersion = 6.1.1;
						DevelopmentTeam = E4J3AT53LV;
					};
				};
			};
			buildConfigurationList = 40D0D2D01A3A1B6F00A6BB02 /* Build configuration list for PBXProject "MorselAddPrototype" */;
			compatibilityVersion = "Xcode 3.2";
			developmentRegion = English;
			hasScannedForEncodings = 0;
			knownRegions = (
				en,
				Base,
			);
			mainGroup = 40D0D2CC1A3A1B6F00A6BB02;
			productRefGroup = 40D0D2D61A3A1B6F00A6BB02 /* Products */;
			projectDirPath = "";
			projectRoot = "";
			targets = (
				40D0D2D41A3A1B6F00A6BB02 /* MorselAddPrototype */,
			);
		};
/* End PBXProject section */

/* Begin PBXResourcesBuildPhase section */
		40D0D2D31A3A1B6F00A6BB02 /* Resources */ = {
			isa = PBXResourcesBuildPhase;
			buildActionMask = 2147483647;
			files = (
				40D0D2E01A3A1B6F00A6BB02 /* Main.storyboard in Resources */,
				40D0D2E51A3A1B6F00A6BB02 /* LaunchScreen.xib in Resources */,
				400AE6691A4B1335005AAC41 /* PROInputAccessoryView.xib in Resources */,
				40D0D2E21A3A1B6F00A6BB02 /* Images.xcassets in Resources */,
			);
			runOnlyForDeploymentPostprocessing = 0;
		};
/* End PBXResourcesBuildPhase section */

/* Begin PBXShellScriptBuildPhase section */
		40AAA2681A6981CB00398FC8 /* Rollbar dSYM Upload */ = {
			isa = PBXShellScriptBuildPhase;
			buildActionMask = 8;
			files = (
			);
			inputPaths = (
			);
			name = "Rollbar dSYM Upload";
			outputPaths = (
			);
			runOnlyForDeploymentPostprocessing = 1;
			shellPath = /bin/sh;
			shellScript = "python \"${SRCROOT}/Vendor/Rollbar/upload_dsym.py\"";
			showEnvVarsInLog = 0;
		};
		40AAA2691A6981D000398FC8 /* Update Build Version */ = {
			isa = PBXShellScriptBuildPhase;
			buildActionMask = 8;
			files = (
			);
			inputPaths = (
			);
			name = "Update Build Version";
			outputPaths = (
			);
			runOnlyForDeploymentPostprocessing = 1;
			shellPath = /bin/sh;
			shellScript = "buildNumber=$(date +%Y%m%d%H%M)\n/usr/libexec/PlistBuddy -c \"Set :CFBundleVersion $buildNumber\" \"${PROJECT_DIR}/${INFOPLIST_FILE}\"\n";
			showEnvVarsInLog = 0;
		};
		51982C687BEB163DC1393D40 /* Check Pods Manifest.lock */ = {
			isa = PBXShellScriptBuildPhase;
			buildActionMask = 2147483647;
			files = (
			);
			inputPaths = (
			);
			name = "Check Pods Manifest.lock";
			outputPaths = (
			);
			runOnlyForDeploymentPostprocessing = 0;
			shellPath = /bin/sh;
			shellScript = "diff \"${PODS_ROOT}/../Podfile.lock\" \"${PODS_ROOT}/Manifest.lock\" > /dev/null\nif [[ $? != 0 ]] ; then\n    cat << EOM\nerror: The sandbox is not in sync with the Podfile.lock. Run 'pod install' or update your CocoaPods installation.\nEOM\n    exit 1\nfi\n";
			showEnvVarsInLog = 0;
		};
		E12664DDEE62046A5FA3232A /* Copy Pods Resources */ = {
			isa = PBXShellScriptBuildPhase;
			buildActionMask = 2147483647;
			files = (
			);
			inputPaths = (
			);
			name = "Copy Pods Resources";
			outputPaths = (
			);
			runOnlyForDeploymentPostprocessing = 0;
			shellPath = /bin/sh;
			shellScript = "\"${SRCROOT}/Pods/Target Support Files/Pods/Pods-resources.sh\"\n";
			showEnvVarsInLog = 0;
		};
/* End PBXShellScriptBuildPhase section */

/* Begin PBXSourcesBuildPhase section */
		40D0D2D11A3A1B6F00A6BB02 /* Sources */ = {
			isa = PBXSourcesBuildPhase;
			buildActionMask = 2147483647;
			files = (
				40C4536E1A536784005B14C8 /* PROUser.swift in Sources */,
				401A717C1A3BACDC0083DFE8 /* PROItem.swift in Sources */,
				40721F681A61A9DB0081DA43 /* FXBlurView.m in Sources */,
				4074ED961A3A5092008758C7 /* PROTabBarController.swift in Sources */,
				404F74DC1A4239AC00352ADE /* PROInputAccessoryView.swift in Sources */,
				4046575B1A577B810000C334 /* PROProfileViewController.swift in Sources */,
				402D5B991A5AFFD20032BEF7 /* PROLoginViewController.swift in Sources */,
				40E189611A5B0DBB00BAC37E /* Alamofire.swift in Sources */,
				408D3A021A3F9FC20014BB0C /* PROTableViewCell.swift in Sources */,
				404F74E01A4257CF00352ADE /* TODO.md in Sources */,
				401A71781A3B9D0B0083DFE8 /* PRODataManager.swift in Sources */,
				40D0D2DB1A3A1B6F00A6BB02 /* AppDelegate.swift in Sources */,
				40977C881A44AEFB0019A511 /* PROManageMorselViewController.swift in Sources */,
				4074ED981A3A587F008758C7 /* PROMorselsTableViewController.swift in Sources */,
				401A717A1A3BACB20083DFE8 /* PROMorsel.swift in Sources */,
			);
			runOnlyForDeploymentPostprocessing = 0;
		};
/* End PBXSourcesBuildPhase section */

/* Begin PBXVariantGroup section */
		40D0D2DE1A3A1B6F00A6BB02 /* Main.storyboard */ = {
			isa = PBXVariantGroup;
			children = (
				40D0D2DF1A3A1B6F00A6BB02 /* Base */,
			);
			name = Main.storyboard;
			sourceTree = "<group>";
		};
		40D0D2E31A3A1B6F00A6BB02 /* LaunchScreen.xib */ = {
			isa = PBXVariantGroup;
			children = (
				40D0D2E41A3A1B6F00A6BB02 /* Base */,
			);
			name = LaunchScreen.xib;
			sourceTree = "<group>";
		};
/* End PBXVariantGroup section */

/* Begin XCBuildConfiguration section */
		40D0D2F21A3A1B6F00A6BB02 /* Debug */ = {
			isa = XCBuildConfiguration;
			buildSettings = {
				ALWAYS_SEARCH_USER_PATHS = NO;
				CLANG_CXX_LANGUAGE_STANDARD = "gnu++0x";
				CLANG_CXX_LIBRARY = "libc++";
				CLANG_ENABLE_MODULES = YES;
				CLANG_ENABLE_OBJC_ARC = YES;
				CLANG_WARN_BOOL_CONVERSION = YES;
				CLANG_WARN_CONSTANT_CONVERSION = YES;
				CLANG_WARN_DIRECT_OBJC_ISA_USAGE = YES_ERROR;
				CLANG_WARN_EMPTY_BODY = YES;
				CLANG_WARN_ENUM_CONVERSION = YES;
				CLANG_WARN_INT_CONVERSION = YES;
				CLANG_WARN_OBJC_ROOT_CLASS = YES_ERROR;
				CLANG_WARN_UNREACHABLE_CODE = YES;
				CLANG_WARN__DUPLICATE_METHOD_MATCH = YES;
				"CODE_SIGN_IDENTITY[sdk=iphoneos*]" = "iPhone Developer";
				COPY_PHASE_STRIP = NO;
				ENABLE_STRICT_OBJC_MSGSEND = YES;
				GCC_C_LANGUAGE_STANDARD = gnu99;
				GCC_DYNAMIC_NO_PIC = NO;
				GCC_OPTIMIZATION_LEVEL = 0;
				GCC_PREPROCESSOR_DEFINITIONS = (
					"DEBUG=1",
					"$(inherited)",
				);
				GCC_SYMBOLS_PRIVATE_EXTERN = NO;
				GCC_WARN_64_TO_32_BIT_CONVERSION = YES;
				GCC_WARN_ABOUT_RETURN_TYPE = YES_ERROR;
				GCC_WARN_UNDECLARED_SELECTOR = YES;
				GCC_WARN_UNINITIALIZED_AUTOS = YES_AGGRESSIVE;
				GCC_WARN_UNUSED_FUNCTION = YES;
				GCC_WARN_UNUSED_VARIABLE = YES;
				IPHONEOS_DEPLOYMENT_TARGET = 8.1;
				MTL_ENABLE_DEBUG_INFO = YES;
				ONLY_ACTIVE_ARCH = YES;
				SDKROOT = iphoneos;
				SWIFT_OPTIMIZATION_LEVEL = "-Onone";
			};
			name = Debug;
		};
		40D0D2F31A3A1B6F00A6BB02 /* Release */ = {
			isa = XCBuildConfiguration;
			buildSettings = {
				ALWAYS_SEARCH_USER_PATHS = NO;
				CLANG_CXX_LANGUAGE_STANDARD = "gnu++0x";
				CLANG_CXX_LIBRARY = "libc++";
				CLANG_ENABLE_MODULES = YES;
				CLANG_ENABLE_OBJC_ARC = YES;
				CLANG_WARN_BOOL_CONVERSION = YES;
				CLANG_WARN_CONSTANT_CONVERSION = YES;
				CLANG_WARN_DIRECT_OBJC_ISA_USAGE = YES_ERROR;
				CLANG_WARN_EMPTY_BODY = YES;
				CLANG_WARN_ENUM_CONVERSION = YES;
				CLANG_WARN_INT_CONVERSION = YES;
				CLANG_WARN_OBJC_ROOT_CLASS = YES_ERROR;
				CLANG_WARN_UNREACHABLE_CODE = YES;
				CLANG_WARN__DUPLICATE_METHOD_MATCH = YES;
				"CODE_SIGN_IDENTITY[sdk=iphoneos*]" = "iPhone Developer";
				COPY_PHASE_STRIP = YES;
				ENABLE_NS_ASSERTIONS = NO;
				ENABLE_STRICT_OBJC_MSGSEND = YES;
				GCC_C_LANGUAGE_STANDARD = gnu99;
				GCC_WARN_64_TO_32_BIT_CONVERSION = YES;
				GCC_WARN_ABOUT_RETURN_TYPE = YES_ERROR;
				GCC_WARN_UNDECLARED_SELECTOR = YES;
				GCC_WARN_UNINITIALIZED_AUTOS = YES_AGGRESSIVE;
				GCC_WARN_UNUSED_FUNCTION = YES;
				GCC_WARN_UNUSED_VARIABLE = YES;
				IPHONEOS_DEPLOYMENT_TARGET = 8.1;
				MTL_ENABLE_DEBUG_INFO = NO;
				SDKROOT = iphoneos;
				VALIDATE_PRODUCT = YES;
			};
			name = Release;
		};
		40D0D2F51A3A1B6F00A6BB02 /* Debug */ = {
			isa = XCBuildConfiguration;
			baseConfigurationReference = FFA24B85084D192D24931298 /* Pods.debug.xcconfig */;
			buildSettings = {
				ASSETCATALOG_COMPILER_APPICON_NAME = AppIcon;
				CODE_SIGN_IDENTITY = "iPhone Developer";
				"CODE_SIGN_IDENTITY[sdk=iphoneos*]" = "iPhone Developer";
				INFOPLIST_FILE = MorselAddPrototype/Info.plist;
				IPHONEOS_DEPLOYMENT_TARGET = 7.0;
				LD_RUNPATH_SEARCH_PATHS = "$(inherited) @executable_path/Frameworks";
				PRODUCT_NAME = "Morsel Proto";
				PROVISIONING_PROFILE = "";
				SWIFT_OBJC_BRIDGING_HEADER = "MorselAddPrototype/MorselAddPrototype-Bridging-Header.h";
			};
			name = Debug;
		};
		40D0D2F61A3A1B6F00A6BB02 /* Release */ = {
			isa = XCBuildConfiguration;
			baseConfigurationReference = F7EEF0047FE533850A327FFC /* Pods.release.xcconfig */;
			buildSettings = {
				ASSETCATALOG_COMPILER_APPICON_NAME = AppIcon;
				CODE_SIGN_IDENTITY = "iPhone Distribution";
				"CODE_SIGN_IDENTITY[sdk=iphoneos*]" = "iPhone Distribution";
				INFOPLIST_FILE = MorselAddPrototype/Info.plist;
				IPHONEOS_DEPLOYMENT_TARGET = 7.0;
				LD_RUNPATH_SEARCH_PATHS = "$(inherited) @executable_path/Frameworks";
				PRODUCT_NAME = "Morsel Proto";
				PROVISIONING_PROFILE = "";
				SWIFT_OBJC_BRIDGING_HEADER = "MorselAddPrototype/MorselAddPrototype-Bridging-Header.h";
			};
			name = Release;
		};
/* End XCBuildConfiguration section */

/* Begin XCConfigurationList section */
		40D0D2D01A3A1B6F00A6BB02 /* Build configuration list for PBXProject "MorselAddPrototype" */ = {
			isa = XCConfigurationList;
			buildConfigurations = (
				40D0D2F21A3A1B6F00A6BB02 /* Debug */,
				40D0D2F31A3A1B6F00A6BB02 /* Release */,
			);
			defaultConfigurationIsVisible = 0;
			defaultConfigurationName = Release;
		};
		40D0D2F41A3A1B6F00A6BB02 /* Build configuration list for PBXNativeTarget "MorselAddPrototype" */ = {
			isa = XCConfigurationList;
			buildConfigurations = (
				40D0D2F51A3A1B6F00A6BB02 /* Debug */,
				40D0D2F61A3A1B6F00A6BB02 /* Release */,
			);
			defaultConfigurationIsVisible = 0;
			defaultConfigurationName = Release;
		};
/* End XCConfigurationList section */
	};
	rootObject = 40D0D2CD1A3A1B6F00A6BB02 /* Project object */;
}
